
Microsoft Visual Studio Solution File, Format Version 12.00
# Visual Studio Version 17
VisualStudioVersion = 17.0.31903.59
MinimumVisualStudioVersion = 10.0.40219.1
Project("{FAE04EC0-301F-11D3-BF4B-00C04F79EFBC}") = "pixel-overtime-api", "pixel-overtime-api\pixel-overtime-api.csproj", "{3F05E2FA-969F-43B1-924B-88456B0AD5C3}"
EndProject
Project("{FAE04EC0-301F-11D3-BF4B-00C04F79EFBC}") = "pixel-overtime-models", "pixel-overtime-models\pixel-overtime-models.csproj", "{FE723FF1-9F90-4A8C-8F64-E067049EF72B}"
EndProject
Global
	GlobalSection(SolutionConfigurationPlatforms) = preSolution
		Debug|Any CPU = Debug|Any CPU
		Release|Any CPU = Release|Any CPU
	EndGlobalSection
	GlobalSection(SolutionProperties) = preSolution
		HideSolutionNode = FALSE
	EndGlobalSection
	GlobalSection(ProjectConfigurationPlatforms) = postSolution
		{4F28CA33-DBDF-4DDF-BA0C-B2BE9E84E853}.Debug|Any CPU.ActiveCfg = Debug|Any CPU
		{4F28CA33-DBDF-4DDF-BA0C-B2BE9E84E853}.Debug|Any CPU.Build.0 = Debug|Any CPU
		{4F28CA33-DBDF-4DDF-BA0C-B2BE9E84E853}.Release|Any CPU.ActiveCfg = Debug|Any CPU
		{4F28CA33-DBDF-4DDF-BA0C-B2BE9E84E853}.Release|Any CPU.Build.0 = Debug|Any CPU
		{3F05E2FA-969F-43B1-924B-88456B0AD5C3}.Debug|Any CPU.ActiveCfg = Debug|Any CPU
		{3F05E2FA-969F-43B1-924B-88456B0AD5C3}.Debug|Any CPU.Build.0 = Debug|Any CPU
		{3F05E2FA-969F-43B1-924B-88456B0AD5C3}.Release|Any CPU.ActiveCfg = Release|Any CPU
		{3F05E2FA-969F-43B1-924B-88456B0AD5C3}.Release|Any CPU.Build.0 = Release|Any CPU
		{FE723FF1-9F90-4A8C-8F64-E067049EF72B}.Debug|Any CPU.ActiveCfg = Debug|Any CPU
		{FE723FF1-9F90-4A8C-8F64-E067049EF72B}.Debug|Any CPU.Build.0 = Debug|Any CPU
		{FE723FF1-9F90-4A8C-8F64-E067049EF72B}.Release|Any CPU.ActiveCfg = Release|Any CPU
		{FE723FF1-9F90-4A8C-8F64-E067049EF72B}.Release|Any CPU.Build.0 = Release|Any CPU
	EndGlobalSection
EndGlobal
